// !$*UTF8*$!
{
	archiveVersion = 1;
	classes = {
	};
	objectVersion = 55;
	objects = {

/* Begin PBXBuildFile section */
		04B610B42840FF0D0033030E /* main.swift in Sources */ = {isa = PBXBuildFile; fileRef = 04B610B32840FF0D0033030E /* main.swift */; };
		04B610BE284100590033030E /* Node.swift in Sources */ = {isa = PBXBuildFile; fileRef = 04B610BD284100590033030E /* Node.swift */; };
		A617D76D284104B700DDBDE7 /* NodeStore.swift in Sources */ = {isa = PBXBuildFile; fileRef = A617D76C284104B700DDBDE7 /* NodeStore.swift */; };
		A617D76F28451D7400DDBDE7 /* Edge.swift in Sources */ = {isa = PBXBuildFile; fileRef = A617D76E28451D7400DDBDE7 /* Edge.swift */; };
		A617D775284525E900DDBDE7 /* mainView.swift in Sources */ = {isa = PBXBuildFile; fileRef = A617D774284525E900DDBDE7 /* mainView.swift */; };
/* End PBXBuildFile section */

/* Begin PBXCopyFilesBuildPhase section */
		04B610AE2840FF0D0033030E /* CopyFiles */ = {
			isa = PBXCopyFilesBuildPhase;
			buildActionMask = 2147483647;
			dstPath = /usr/share/man/man1/;
			dstSubfolderSpec = 0;
			files = (
			);
			runOnlyForDeploymentPostprocessing = 1;
		};
/* End PBXCopyFilesBuildPhase section */

/* Begin PBXFileReference section */
		04B610B02840FF0D0033030E /* ICS4U-Culminating */ = {isa = PBXFileReference; explicitFileType = "compiled.mach-o.executable"; includeInIndex = 0; path = "ICS4U-Culminating"; sourceTree = BUILT_PRODUCTS_DIR; };
		04B610B32840FF0D0033030E /* main.swift */ = {isa = PBXFileReference; lastKnownFileType = sourcecode.swift; path = main.swift; sourceTree = "<group>"; };
		04B610BC2840FFF00033030E /* input.txt */ = {isa = PBXFileReference; lastKnownFileType = text; path = input.txt; sourceTree = "<group>"; };
		04B610BD284100590033030E /* Node.swift */ = {isa = PBXFileReference; lastKnownFileType = sourcecode.swift; path = Node.swift; sourceTree = "<group>"; };
		A617D76C284104B700DDBDE7 /* NodeStore.swift */ = {isa = PBXFileReference; lastKnownFileType = sourcecode.swift; path = NodeStore.swift; sourceTree = "<group>"; };
		A617D76E28451D7400DDBDE7 /* Edge.swift */ = {isa = PBXFileReference; lastKnownFileType = sourcecode.swift; path = Edge.swift; sourceTree = "<group>"; };
		A617D774284525E900DDBDE7 /* mainView.swift */ = {isa = PBXFileReference; lastKnownFileType = sourcecode.swift; path = mainView.swift; sourceTree = "<group>"; };
/* End PBXFileReference section */

/* Begin PBXFrameworksBuildPhase section */
		04B610AD2840FF0D0033030E /* Frameworks */ = {
			isa = PBXFrameworksBuildPhase;
			buildActionMask = 2147483647;
			files = (
			);
			runOnlyForDeploymentPostprocessing = 0;
		};
/* End PBXFrameworksBuildPhase section */

/* Begin PBXGroup section */
		04B610A72840FF0D0033030E = {
			isa = PBXGroup;
			children = (
				04B610B22840FF0D0033030E /* ICS4U-Culminating */,
				04B610B12840FF0D0033030E /* Products */,
			);
			sourceTree = "<group>";
		};
		04B610B12840FF0D0033030E /* Products */ = {
			isa = PBXGroup;
			children = (
				04B610B02840FF0D0033030E /* ICS4U-Culminating */,
			);
			name = Products;
			sourceTree = "<group>";
		};
		04B610B22840FF0D0033030E /* ICS4U-Culminating */ = {
			isa = PBXGroup;
			children = (
				A617D773284525BA00DDBDE7 /* iOS */,
				A617D772284525B300DDBDE7 /* macOS */,
				A617D76B2841049600DDBDE7 /* ViewModel */,
				04B610BB2840FFD30033030E /* Model */,
				04B610BA2840FFC90033030E /* Graph */,
			);
			path = "ICS4U-Culminating";
			sourceTree = "<group>";
		};
		04B610BA2840FFC90033030E /* Graph */ = {
			isa = PBXGroup;
			children = (
				04B610BC2840FFF00033030E /* input.txt */,
			);
			path = Graph;
			sourceTree = "<group>";
		};
		04B610BB2840FFD30033030E /* Model */ = {
			isa = PBXGroup;
			children = (
				04B610BD284100590033030E /* Node.swift */,
				A617D76E28451D7400DDBDE7 /* Edge.swift */,
			);
			path = Model;
			sourceTree = "<group>";
		};
		A617D76B2841049600DDBDE7 /* ViewModel */ = {
			isa = PBXGroup;
			children = (
				A617D76C284104B700DDBDE7 /* NodeStore.swift */,
			);
			path = ViewModel;
			sourceTree = "<group>";
		};
		A617D772284525B300DDBDE7 /* macOS */ = {
			isa = PBXGroup;
			children = (
				04B610B32840FF0D0033030E /* main.swift */,
			);
			path = macOS;
			sourceTree = "<group>";
		};
		A617D773284525BA00DDBDE7 /* iOS */ = {
			isa = PBXGroup;
			children = (
				A617D774284525E900DDBDE7 /* mainView.swift */,
			);
			path = iOS;
			sourceTree = "<group>";
		};
/* End PBXGroup section */

/* Begin PBXNativeTarget section */
		04B610AF2840FF0D0033030E /* ICS4U-Culminating */ = {
			isa = PBXNativeTarget;
			buildConfigurationList = 04B610B72840FF0D0033030E /* Build configuration list for PBXNativeTarget "ICS4U-Culminating" */;
			buildPhases = (
				04B610AC2840FF0D0033030E /* Sources */,
				04B610AD2840FF0D0033030E /* Frameworks */,
				04B610AE2840FF0D0033030E /* CopyFiles */,
			);
			buildRules = (
			);
			dependencies = (
			);
			name = "ICS4U-Culminating";
			productName = "ICS4U-Culminating";
			productReference = 04B610B02840FF0D0033030E /* ICS4U-Culminating */;
			productType = "com.apple.product-type.tool";
		};
/* End PBXNativeTarget section */

/* Begin PBXProject section */
		04B610A82840FF0D0033030E /* Project object */ = {
			isa = PBXProject;
			attributes = {
				BuildIndependentTargetsInParallel = 1;
				LastSwiftUpdateCheck = 1340;
				LastUpgradeCheck = 1340;
				TargetAttributes = {
					04B610AF2840FF0D0033030E = {
						CreatedOnToolsVersion = 13.4;
					};
				};
			};
			buildConfigurationList = 04B610AB2840FF0D0033030E /* Build configuration list for PBXProject "ICS4U-Culminating" */;
			compatibilityVersion = "Xcode 13.0";
			developmentRegion = en;
			hasScannedForEncodings = 0;
			knownRegions = (
				en,
				Base,
			);
			mainGroup = 04B610A72840FF0D0033030E;
			productRefGroup = 04B610B12840FF0D0033030E /* Products */;
			projectDirPath = "";
			projectRoot = "";
			targets = (
				04B610AF2840FF0D0033030E /* ICS4U-Culminating */,
			);
		};
/* End PBXProject section */

/* Begin PBXSourcesBuildPhase section */
		04B610AC2840FF0D0033030E /* Sources */ = {
			isa = PBXSourcesBuildPhase;
			buildActionMask = 2147483647;
			files = (
				04B610B42840FF0D0033030E /* main.swift in Sources */,
				A617D76D284104B700DDBDE7 /* NodeStore.swift in Sources */,
				A617D76F28451D7400DDBDE7 /* Edge.swift in Sources */,
				A617D775284525E900DDBDE7 /* mainView.swift in Sources */,
				04B610BE284100590033030E /* Node.swift in Sources */,
			);
			runOnlyForDeploymentPostprocessing = 0;
		};
/* End PBXSourcesBuildPhase section */

/* Begin XCBuildConfiguration section */
		04B610B52840FF0D0033030E /* Debug */ = {
			isa = XCBuildConfiguration;
			buildSettings = {
				ALWAYS_SEARCH_USER_PATHS = NO;
				CLANG_ANALYZER_NONNULL = YES;
				CLANG_ANALYZER_NUMBER_OBJECT_CONVERSION = YES_AGGRESSIVE;
				CLANG_CXX_LANGUAGE_STANDARD = "gnu++17";
				CLANG_ENABLE_MODULES = YES;
				CLANG_ENABLE_OBJC_ARC = YES;
				CLANG_ENABLE_OBJC_WEAK = YES;
				CLANG_WARN_BLOCK_CAPTURE_AUTORELEASING = YES;
				CLANG_WARN_BOOL_CONVERSION = YES;
				CLANG_WARN_COMMA = YES;
				CLANG_WARN_CONSTANT_CONVERSION = YES;
				CLANG_WARN_DEPRECATED_OBJC_IMPLEMENTATIONS = YES;
				CLANG_WARN_DIRECT_OBJC_ISA_USAGE = YES_ERROR;
				CLANG_WARN_DOCUMENTATION_COMMENTS = YES;
				CLANG_WARN_EMPTY_BODY = YES;
				CLANG_WARN_ENUM_CONVERSION = YES;
				CLANG_WARN_INFINITE_RECURSION = YES;
				CLANG_WARN_INT_CONVERSION = YES;
				CLANG_WARN_NON_LITERAL_NULL_CONVERSION = YES;
				CLANG_WARN_OBJC_IMPLICIT_RETAIN_SELF = YES;
				CLANG_WARN_OBJC_LITERAL_CONVERSION = YES;
				CLANG_WARN_OBJC_ROOT_CLASS = YES_ERROR;
				CLANG_WARN_QUOTED_INCLUDE_IN_FRAMEWORK_HEADER = YES;
				CLANG_WARN_RANGE_LOOP_ANALYSIS = YES;
				CLANG_WARN_STRICT_PROTOTYPES = YES;
				CLANG_WARN_SUSPICIOUS_MOVE = YES;
				CLANG_WARN_UNGUARDED_AVAILABILITY = YES_AGGRESSIVE;
				CLANG_WARN_UNREACHABLE_CODE = YES;
				CLANG_WARN__DUPLICATE_METHOD_MATCH = YES;
				COPY_PHASE_STRIP = NO;
				DEBUG_INFORMATION_FORMAT = dwarf;
				ENABLE_STRICT_OBJC_MSGSEND = YES;
				ENABLE_TESTABILITY = YES;
				GCC_C_LANGUAGE_STANDARD = gnu11;
				GCC_DYNAMIC_NO_PIC = NO;
				GCC_NO_COMMON_BLOCKS = YES;
				GCC_OPTIMIZATION_LEVEL = 0;
				GCC_PREPROCESSOR_DEFINITIONS = (
					"DEBUG=1",
					"$(inherited)",
				);
				GCC_WARN_64_TO_32_BIT_CONVERSION = YES;
				GCC_WARN_ABOUT_RETURN_TYPE = YES_ERROR;
				GCC_WARN_UNDECLARED_SELECTOR = YES;
				GCC_WARN_UNINITIALIZED_AUTOS = YES_AGGRESSIVE;
				GCC_WARN_UNUSED_FUNCTION = YES;
				GCC_WARN_UNUSED_VARIABLE = YES;
				MACOSX_DEPLOYMENT_TARGET = 12.1;
				MTL_ENABLE_DEBUG_INFO = INCLUDE_SOURCE;
				MTL_FAST_MATH = YES;
				ONLY_ACTIVE_ARCH = YES;
				SDKROOT = macosx;
				SWIFT_ACTIVE_COMPILATION_CONDITIONS = DEBUG;
				SWIFT_OPTIMIZATION_LEVEL = "-Onone";
			};
			name = Debug;
		};
		04B610B62840FF0D0033030E /* Release */ = {
			isa = XCBuildConfiguration;
			buildSettings = {
				ALWAYS_SEARCH_USER_PATHS = NO;
				CLANG_ANALYZER_NONNULL = YES;
				CLANG_ANALYZER_NUMBER_OBJECT_CONVERSION = YES_AGGRESSIVE;
				CLANG_CXX_LANGUAGE_STANDARD = "gnu++17";
				CLANG_ENABLE_MODULES = YES;
				CLANG_ENABLE_OBJC_ARC = YES;
				CLANG_ENABLE_OBJC_WEAK = YES;
				CLANG_WARN_BLOCK_CAPTURE_AUTORELEASING = YES;
				CLANG_WARN_BOOL_CONVERSION = YES;
				CLANG_WARN_COMMA = YES;
				CLANG_WARN_CONSTANT_CONVERSION = YES;
				CLANG_WARN_DEPRECATED_OBJC_IMPLEMENTATIONS = YES;
				CLANG_WARN_DIRECT_OBJC_ISA_USAGE = YES_ERROR;
				CLANG_WARN_DOCUMENTATION_COMMENTS = YES;
				CLANG_WARN_EMPTY_BODY = YES;
				CLANG_WARN_ENUM_CONVERSION = YES;
				CLANG_WARN_INFINITE_RECURSION = YES;
				CLANG_WARN_INT_CONVERSION = YES;
				CLANG_WARN_NON_LITERAL_NULL_CONVERSION = YES;
				CLANG_WARN_OBJC_IMPLICIT_RETAIN_SELF = YES;
				CLANG_WARN_OBJC_LITERAL_CONVERSION = YES;
				CLANG_WARN_OBJC_ROOT_CLASS = YES_ERROR;
				CLANG_WARN_QUOTED_INCLUDE_IN_FRAMEWORK_HEADER = YES;
				CLANG_WARN_RANGE_LOOP_ANALYSIS = YES;
				CLANG_WARN_STRICT_PROTOTYPES = YES;
				CLANG_WARN_SUSPICIOUS_MOVE = YES;
				CLANG_WARN_UNGUARDED_AVAILABILITY = YES_AGGRESSIVE;
				CLANG_WARN_UNREACHABLE_CODE = YES;
				CLANG_WARN__DUPLICATE_METHOD_MATCH = YES;
				COPY_PHASE_STRIP = NO;
				DEBUG_INFORMATION_FORMAT = "dwarf-with-dsym";
				ENABLE_NS_ASSERTIONS = NO;
				ENABLE_STRICT_OBJC_MSGSEND = YES;
				GCC_C_LANGUAGE_STANDARD = gnu11;
				GCC_NO_COMMON_BLOCKS = YES;
				GCC_WARN_64_TO_32_BIT_CONVERSION = YES;
				GCC_WARN_ABOUT_RETURN_TYPE = YES_ERROR;
				GCC_WARN_UNDECLARED_SELECTOR = YES;
				GCC_WARN_UNINITIALIZED_AUTOS = YES_AGGRESSIVE;
				GCC_WARN_UNUSED_FUNCTION = YES;
				GCC_WARN_UNUSED_VARIABLE = YES;
				MACOSX_DEPLOYMENT_TARGET = 12.1;
				MTL_ENABLE_DEBUG_INFO = NO;
				MTL_FAST_MATH = YES;
				SDKROOT = macosx;
				SWIFT_COMPILATION_MODE = wholemodule;
				SWIFT_OPTIMIZATION_LEVEL = "-O";
			};
			name = Release;
		};
		04B610B82840FF0D0033030E /* Debug */ = {
			isa = XCBuildConfiguration;
			buildSettings = {
				CODE_SIGN_STYLE = Automatic;
				DEVELOPMENT_TEAM = 5383636JNT;
				ENABLE_HARDENED_RUNTIME = YES;
				PRODUCT_NAME = "$(TARGET_NAME)";
				SWIFT_VERSION = 5.0;
			};
			name = Debug;
		};
		04B610B92840FF0D0033030E /* Release */ = {
			isa = XCBuildConfiguration;
			buildSettings = {
				CODE_SIGN_STYLE = Automatic;
				DEVELOPMENT_TEAM = 5383636JNT;
				ENABLE_HARDENED_RUNTIME = YES;
				PRODUCT_NAME = "$(TARGET_NAME)";
				SWIFT_VERSION = 5.0;
			};
			name = Release;
		};
/* End XCBuildConfiguration section */

/* Begin XCConfigurationList section */
		04B610AB2840FF0D0033030E /* Build configuration list for PBXProject "ICS4U-Culminating" */ = {
			isa = XCConfigurationList;
			buildConfigurations = (
				04B610B52840FF0D0033030E /* Debug */,
				04B610B62840FF0D0033030E /* Release */,
			);
			defaultConfigurationIsVisible = 0;
			defaultConfigurationName = Release;
		};
		04B610B72840FF0D0033030E /* Build configuration list for PBXNativeTarget "ICS4U-Culminating" */ = {
			isa = XCConfigurationList;
			buildConfigurations = (
				04B610B82840FF0D0033030E /* Debug */,
				04B610B92840FF0D0033030E /* Release */,
			);
			defaultConfigurationIsVisible = 0;
			defaultConfigurationName = Release;
		};
/* End XCConfigurationList section */
	};
	rootObject = 04B610A82840FF0D0033030E /* Project object */;
}
