// !$*UTF8*$!
{
	archiveVersion = 1;
	classes = {
	};
	objectVersion = 55;
	objects = {

/* Begin PBXBuildFile section */
		04B610B42840FF0D0033030E /* main.swift in Sources */ = {isa = PBXBuildFile; fileRef = 04B610B32840FF0D0033030E /* main.swift */; };
		04B610BE284100590033030E /* Node.swift in Sources */ = {isa = PBXBuildFile; fileRef = 04B610BD284100590033030E /* Node.swift */; };
		A617D76D284104B700DDBDE7 /* NodeStore.swift in Sources */ = {isa = PBXBuildFile; fileRef = A617D76C284104B700DDBDE7 /* NodeStore.swift */; };
		A617D76F28451D7400DDBDE7 /* Edge.swift in Sources */ = {isa = PBXBuildFile; fileRef = A617D76E28451D7400DDBDE7 /* Edge.swift */; };
		A617D7772845287B00DDBDE7 /* Ending.swift in Sources */ = {isa = PBXBuildFile; fileRef = A617D7762845287B00DDBDE7 /* Ending.swift */; };
		A617D779284E5EE000DDBDE7 /* Enumerations.swift in Sources */ = {isa = PBXBuildFile; fileRef = A617D778284E5EE000DDBDE7 /* Enumerations.swift */; };
		A617D77A284E5EE000DDBDE7 /* Enumerations.swift in Sources */ = {isa = PBXBuildFile; fileRef = A617D778284E5EE000DDBDE7 /* Enumerations.swift */; };
		A6978C0B284FD03900BE65F5 /* Functions.swift in Sources */ = {isa = PBXBuildFile; fileRef = A6978C0A284FD03900BE65F5 /* Functions.swift */; };
		A6978C0C284FD03900BE65F5 /* Functions.swift in Sources */ = {isa = PBXBuildFile; fileRef = A6978C0A284FD03900BE65F5 /* Functions.swift */; };
		D7FF6A892847B0E500056076 /* iOSApp.swift in Sources */ = {isa = PBXBuildFile; fileRef = D7FF6A882847B0E500056076 /* iOSApp.swift */; };
		D7FF6A8B2847B0E500056076 /* ContentView.swift in Sources */ = {isa = PBXBuildFile; fileRef = D7FF6A8A2847B0E500056076 /* ContentView.swift */; };
		D7FF6A902847B0E900056076 /* Preview Assets.xcassets in Resources */ = {isa = PBXBuildFile; fileRef = D7FF6A8F2847B0E900056076 /* Preview Assets.xcassets */; };
		D7FF6A962847B12C00056076 /* NodeView.swift in Sources */ = {isa = PBXBuildFile; fileRef = D7FF6A6E28469A1D00056076 /* NodeView.swift */; };
		D7FF6A992847B18800056076 /* GameView.swift in Sources */ = {isa = PBXBuildFile; fileRef = D7FF6A982847B18800056076 /* GameView.swift */; };
		D7FF6A9A2847B1CA00056076 /* NodeStore.swift in Sources */ = {isa = PBXBuildFile; fileRef = A617D76C284104B700DDBDE7 /* NodeStore.swift */; };
		D7FF6A9B2847B1CA00056076 /* Node.swift in Sources */ = {isa = PBXBuildFile; fileRef = 04B610BD284100590033030E /* Node.swift */; };
		D7FF6A9C2847B1CA00056076 /* Edge.swift in Sources */ = {isa = PBXBuildFile; fileRef = A617D76E28451D7400DDBDE7 /* Edge.swift */; };
		D7FF6A9D2847B1CA00056076 /* Ending.swift in Sources */ = {isa = PBXBuildFile; fileRef = A617D7762845287B00DDBDE7 /* Ending.swift */; };
		D7FF6A9E2847B20D00056076 /* Assets.xcassets in Resources */ = {isa = PBXBuildFile; fileRef = 04B610C0284525CD0033030E /* Assets.xcassets */; };
/* End PBXBuildFile section */

/* Begin PBXCopyFilesBuildPhase section */
		04B610AE2840FF0D0033030E /* CopyFiles */ = {
			isa = PBXCopyFilesBuildPhase;
			buildActionMask = 2147483647;
			dstPath = /usr/share/man/man1/;
			dstSubfolderSpec = 0;
			files = (
			);
			runOnlyForDeploymentPostprocessing = 1;
		};
/* End PBXCopyFilesBuildPhase section */

/* Begin PBXFileReference section */
		04B610B02840FF0D0033030E /* ICS4U-Culminating */ = {isa = PBXFileReference; explicitFileType = "compiled.mach-o.executable"; includeInIndex = 0; path = "ICS4U-Culminating"; sourceTree = BUILT_PRODUCTS_DIR; };
		04B610B32840FF0D0033030E /* main.swift */ = {isa = PBXFileReference; lastKnownFileType = sourcecode.swift; path = main.swift; sourceTree = "<group>"; };
		04B610BC2840FFF00033030E /* input.txt */ = {isa = PBXFileReference; lastKnownFileType = text; path = input.txt; sourceTree = "<group>"; };
		04B610BD284100590033030E /* Node.swift */ = {isa = PBXFileReference; lastKnownFileType = sourcecode.swift; path = Node.swift; sourceTree = "<group>"; };
		04B610C0284525CD0033030E /* Assets.xcassets */ = {isa = PBXFileReference; lastKnownFileType = folder.assetcatalog; path = Assets.xcassets; sourceTree = "<group>"; };
		A617D76C284104B700DDBDE7 /* NodeStore.swift */ = {isa = PBXFileReference; lastKnownFileType = sourcecode.swift; path = NodeStore.swift; sourceTree = "<group>"; };
		A617D76E28451D7400DDBDE7 /* Edge.swift */ = {isa = PBXFileReference; lastKnownFileType = sourcecode.swift; path = Edge.swift; sourceTree = "<group>"; };
		A617D7762845287B00DDBDE7 /* Ending.swift */ = {isa = PBXFileReference; lastKnownFileType = sourcecode.swift; path = Ending.swift; sourceTree = "<group>"; };
		A617D778284E5EE000DDBDE7 /* Enumerations.swift */ = {isa = PBXFileReference; lastKnownFileType = sourcecode.swift; path = Enumerations.swift; sourceTree = "<group>"; };
		A6978C0A284FD03900BE65F5 /* Functions.swift */ = {isa = PBXFileReference; lastKnownFileType = sourcecode.swift; path = Functions.swift; sourceTree = "<group>"; };
		A6978C102850FDE400BE65F5 /* output.pdf */ = {isa = PBXFileReference; lastKnownFileType = image.pdf; path = output.pdf; sourceTree = "<group>"; };
		D7FF6A6E28469A1D00056076 /* NodeView.swift */ = {isa = PBXFileReference; lastKnownFileType = sourcecode.swift; path = NodeView.swift; sourceTree = "<group>"; };
		D7FF6A862847B0E500056076 /* iOS.app */ = {isa = PBXFileReference; explicitFileType = wrapper.application; includeInIndex = 0; path = iOS.app; sourceTree = BUILT_PRODUCTS_DIR; };
		D7FF6A882847B0E500056076 /* iOSApp.swift */ = {isa = PBXFileReference; lastKnownFileType = sourcecode.swift; path = iOSApp.swift; sourceTree = "<group>"; };
		D7FF6A8A2847B0E500056076 /* ContentView.swift */ = {isa = PBXFileReference; lastKnownFileType = sourcecode.swift; path = ContentView.swift; sourceTree = "<group>"; };
		D7FF6A8F2847B0E900056076 /* Preview Assets.xcassets */ = {isa = PBXFileReference; lastKnownFileType = folder.assetcatalog; path = "Preview Assets.xcassets"; sourceTree = "<group>"; };
		D7FF6A982847B18800056076 /* GameView.swift */ = {isa = PBXFileReference; lastKnownFileType = sourcecode.swift; path = GameView.swift; sourceTree = "<group>"; };
/* End PBXFileReference section */

/* Begin PBXFrameworksBuildPhase section */
		04B610AD2840FF0D0033030E /* Frameworks */ = {
			isa = PBXFrameworksBuildPhase;
			buildActionMask = 2147483647;
			files = (
			);
			runOnlyForDeploymentPostprocessing = 0;
		};
		D7FF6A832847B0E500056076 /* Frameworks */ = {
			isa = PBXFrameworksBuildPhase;
			buildActionMask = 2147483647;
			files = (
			);
			runOnlyForDeploymentPostprocessing = 0;
		};
/* End PBXFrameworksBuildPhase section */

/* Begin PBXGroup section */
		04B610A72840FF0D0033030E = {
			isa = PBXGroup;
			children = (
				D7FF6A942847B10500056076 /* Shared */,
				04B610B22840FF0D0033030E /* ICS4U-Culminating */,
				D7FF6A872847B0E500056076 /* iOS */,
				04B610B12840FF0D0033030E /* Products */,
			);
			sourceTree = "<group>";
		};
		04B610B12840FF0D0033030E /* Products */ = {
			isa = PBXGroup;
			children = (
				04B610B02840FF0D0033030E /* ICS4U-Culminating */,
				D7FF6A862847B0E500056076 /* iOS.app */,
			);
			name = Products;
			sourceTree = "<group>";
		};
		04B610B22840FF0D0033030E /* ICS4U-Culminating */ = {
			isa = PBXGroup;
			children = (
				A617D772284525B300DDBDE7 /* macOS */,
				04B610BA2840FFC90033030E /* Graph */,
			);
			path = "ICS4U-Culminating";
			sourceTree = "<group>";
		};
		04B610BA2840FFC90033030E /* Graph */ = {
			isa = PBXGroup;
			children = (
				04B610BC2840FFF00033030E /* input.txt */,
				A6978C102850FDE400BE65F5 /* output.pdf */,
			);
			path = Graph;
			sourceTree = "<group>";
		};
		04B610BB2840FFD30033030E /* Model */ = {
			isa = PBXGroup;
			children = (
				04B610BD284100590033030E /* Node.swift */,
				A617D76E28451D7400DDBDE7 /* Edge.swift */,
				A617D7762845287B00DDBDE7 /* Ending.swift */,
				A617D778284E5EE000DDBDE7 /* Enumerations.swift */,
				A6978C0A284FD03900BE65F5 /* Functions.swift */,
			);
			path = Model;
			sourceTree = "<group>";
		};
		A617D76B2841049600DDBDE7 /* ViewModel */ = {
			isa = PBXGroup;
			children = (
				A617D76C284104B700DDBDE7 /* NodeStore.swift */,
			);
			path = ViewModel;
			sourceTree = "<group>";
		};
		A617D772284525B300DDBDE7 /* macOS */ = {
			isa = PBXGroup;
			children = (
				04B610B32840FF0D0033030E /* main.swift */,
			);
			path = macOS;
			sourceTree = "<group>";
		};
		D7FF6A872847B0E500056076 /* iOS */ = {
			isa = PBXGroup;
			children = (
				D7FF6A882847B0E500056076 /* iOSApp.swift */,
				D7FF6A972847B15D00056076 /* Views */,
				04B610C0284525CD0033030E /* Assets.xcassets */,
				D7FF6A8E2847B0E900056076 /* Preview Content */,
			);
			path = iOS;
			sourceTree = "<group>";
		};
		D7FF6A8E2847B0E900056076 /* Preview Content */ = {
			isa = PBXGroup;
			children = (
				D7FF6A8F2847B0E900056076 /* Preview Assets.xcassets */,
			);
			path = "Preview Content";
			sourceTree = "<group>";
		};
		D7FF6A942847B10500056076 /* Shared */ = {
			isa = PBXGroup;
			children = (
				A617D76B2841049600DDBDE7 /* ViewModel */,
				04B610BB2840FFD30033030E /* Model */,
			);
			path = Shared;
			sourceTree = "<group>";
		};
		D7FF6A972847B15D00056076 /* Views */ = {
			isa = PBXGroup;
			children = (
				D7FF6A6E28469A1D00056076 /* NodeView.swift */,
				D7FF6A8A2847B0E500056076 /* ContentView.swift */,
				D7FF6A982847B18800056076 /* GameView.swift */,
			);
			path = Views;
			sourceTree = "<group>";
		};
/* End PBXGroup section */

/* Begin PBXNativeTarget section */
		04B610AF2840FF0D0033030E /* ICS4U-Culminating */ = {
			isa = PBXNativeTarget;
			buildConfigurationList = 04B610B72840FF0D0033030E /* Build configuration list for PBXNativeTarget "ICS4U-Culminating" */;
			buildPhases = (
				04B610AC2840FF0D0033030E /* Sources */,
				04B610AD2840FF0D0033030E /* Frameworks */,
				04B610AE2840FF0D0033030E /* CopyFiles */,
			);
			buildRules = (
			);
			dependencies = (
			);
			name = "ICS4U-Culminating";
			productName = "ICS4U-Culminating";
			productReference = 04B610B02840FF0D0033030E /* ICS4U-Culminating */;
			productType = "com.apple.product-type.tool";
		};
		D7FF6A852847B0E500056076 /* iOS */ = {
			isa = PBXNativeTarget;
			buildConfigurationList = D7FF6A912847B0E900056076 /* Build configuration list for PBXNativeTarget "iOS" */;
			buildPhases = (
				D7FF6A822847B0E500056076 /* Sources */,
				D7FF6A832847B0E500056076 /* Frameworks */,
				D7FF6A842847B0E500056076 /* Resources */,
			);
			buildRules = (
			);
			dependencies = (
			);
			name = iOS;
			productName = iOS;
			productReference = D7FF6A862847B0E500056076 /* iOS.app */;
			productType = "com.apple.product-type.application";
		};
/* End PBXNativeTarget section */

/* Begin PBXProject section */
		04B610A82840FF0D0033030E /* Project object */ = {
			isa = PBXProject;
			attributes = {
				BuildIndependentTargetsInParallel = 1;
				LastSwiftUpdateCheck = 1320;
				LastUpgradeCheck = 1340;
				TargetAttributes = {
					04B610AF2840FF0D0033030E = {
						CreatedOnToolsVersion = 13.4;
					};
					D7FF6A852847B0E500056076 = {
						CreatedOnToolsVersion = 13.2.1;
					};
				};
			};
			buildConfigurationList = 04B610AB2840FF0D0033030E /* Build configuration list for PBXProject "ICS4U-Culminating" */;
			compatibilityVersion = "Xcode 13.0";
			developmentRegion = en;
			hasScannedForEncodings = 0;
			knownRegions = (
				en,
				Base,
			);
			mainGroup = 04B610A72840FF0D0033030E;
			productRefGroup = 04B610B12840FF0D0033030E /* Products */;
			projectDirPath = "";
			projectRoot = "";
			targets = (
				04B610AF2840FF0D0033030E /* ICS4U-Culminating */,
				D7FF6A852847B0E500056076 /* iOS */,
			);
		};
/* End PBXProject section */

/* Begin PBXResourcesBuildPhase section */
		D7FF6A842847B0E500056076 /* Resources */ = {
			isa = PBXResourcesBuildPhase;
			buildActionMask = 2147483647;
			files = (
				D7FF6A9E2847B20D00056076 /* Assets.xcassets in Resources */,
				D7FF6A902847B0E900056076 /* Preview Assets.xcassets in Resources */,
			);
			runOnlyForDeploymentPostprocessing = 0;
		};
/* End PBXResourcesBuildPhase section */

/* Begin PBXSourcesBuildPhase section */
		04B610AC2840FF0D0033030E /* Sources */ = {
			isa = PBXSourcesBuildPhase;
			buildActionMask = 2147483647;
			files = (
				04B610B42840FF0D0033030E /* main.swift in Sources */,
				A617D76D284104B700DDBDE7 /* NodeStore.swift in Sources */,
				A617D76F28451D7400DDBDE7 /* Edge.swift in Sources */,
				A6978C0B284FD03900BE65F5 /* Functions.swift in Sources */,
				A617D7772845287B00DDBDE7 /* Ending.swift in Sources */,
				04B610BE284100590033030E /* Node.swift in Sources */,
				A617D779284E5EE000DDBDE7 /* Enumerations.swift in Sources */,
			);
			runOnlyForDeploymentPostprocessing = 0;
		};
		D7FF6A822847B0E500056076 /* Sources */ = {
			isa = PBXSourcesBuildPhase;
			buildActionMask = 2147483647;
			files = (
				D7FF6A9A2847B1CA00056076 /* NodeStore.swift in Sources */,
				D7FF6A9B2847B1CA00056076 /* Node.swift in Sources */,
				A617D77A284E5EE000DDBDE7 /* Enumerations.swift in Sources */,
				A6978C0C284FD03900BE65F5 /* Functions.swift in Sources */,
				D7FF6A9C2847B1CA00056076 /* Edge.swift in Sources */,
				D7FF6A9D2847B1CA00056076 /* Ending.swift in Sources */,
				D7FF6A8B2847B0E500056076 /* ContentView.swift in Sources */,
				D7FF6A962847B12C00056076 /* NodeView.swift in Sources */,
				D7FF6A892847B0E500056076 /* iOSApp.swift in Sources */,
				D7FF6A992847B18800056076 /* GameView.swift in Sources */,
			);
			runOnlyForDeploymentPostprocessing = 0;
		};
/* End PBXSourcesBuildPhase section */

/* Begin XCBuildConfiguration section */
		04B610B52840FF0D0033030E /* Debug */ = {
			isa = XCBuildConfiguration;
			buildSettings = {
				ALWAYS_SEARCH_USER_PATHS = NO;
				CLANG_ANALYZER_NONNULL = YES;
				CLANG_ANALYZER_NUMBER_OBJECT_CONVERSION = YES_AGGRESSIVE;
				CLANG_CXX_LANGUAGE_STANDARD = "gnu++17";
				CLANG_ENABLE_MODULES = YES;
				CLANG_ENABLE_OBJC_ARC = YES;
				CLANG_ENABLE_OBJC_WEAK = YES;
				CLANG_WARN_BLOCK_CAPTURE_AUTORELEASING = YES;
				CLANG_WARN_BOOL_CONVERSION = YES;
				CLANG_WARN_COMMA = YES;
				CLANG_WARN_CONSTANT_CONVERSION = YES;
				CLANG_WARN_DEPRECATED_OBJC_IMPLEMENTATIONS = YES;
				CLANG_WARN_DIRECT_OBJC_ISA_USAGE = YES_ERROR;
				CLANG_WARN_DOCUMENTATION_COMMENTS = YES;
				CLANG_WARN_EMPTY_BODY = YES;
				CLANG_WARN_ENUM_CONVERSION = YES;
				CLANG_WARN_INFINITE_RECURSION = YES;
				CLANG_WARN_INT_CONVERSION = YES;
				CLANG_WARN_NON_LITERAL_NULL_CONVERSION = YES;
				CLANG_WARN_OBJC_IMPLICIT_RETAIN_SELF = YES;
				CLANG_WARN_OBJC_LITERAL_CONVERSION = YES;
				CLANG_WARN_OBJC_ROOT_CLASS = YES_ERROR;
				CLANG_WARN_QUOTED_INCLUDE_IN_FRAMEWORK_HEADER = YES;
				CLANG_WARN_RANGE_LOOP_ANALYSIS = YES;
				CLANG_WARN_STRICT_PROTOTYPES = YES;
				CLANG_WARN_SUSPICIOUS_MOVE = YES;
				CLANG_WARN_UNGUARDED_AVAILABILITY = YES_AGGRESSIVE;
				CLANG_WARN_UNREACHABLE_CODE = YES;
				CLANG_WARN__DUPLICATE_METHOD_MATCH = YES;
				COPY_PHASE_STRIP = NO;
				DEBUG_INFORMATION_FORMAT = dwarf;
				ENABLE_STRICT_OBJC_MSGSEND = YES;
				ENABLE_TESTABILITY = YES;
				GCC_C_LANGUAGE_STANDARD = gnu11;
				GCC_DYNAMIC_NO_PIC = NO;
				GCC_NO_COMMON_BLOCKS = YES;
				GCC_OPTIMIZATION_LEVEL = 0;
				GCC_PREPROCESSOR_DEFINITIONS = (
					"DEBUG=1",
					"$(inherited)",
				);
				GCC_WARN_64_TO_32_BIT_CONVERSION = YES;
				GCC_WARN_ABOUT_RETURN_TYPE = YES_ERROR;
				GCC_WARN_UNDECLARED_SELECTOR = YES;
				GCC_WARN_UNINITIALIZED_AUTOS = YES_AGGRESSIVE;
				GCC_WARN_UNUSED_FUNCTION = YES;
				GCC_WARN_UNUSED_VARIABLE = YES;
				MACOSX_DEPLOYMENT_TARGET = 12.1;
				MTL_ENABLE_DEBUG_INFO = INCLUDE_SOURCE;
				MTL_FAST_MATH = YES;
				ONLY_ACTIVE_ARCH = YES;
				SDKROOT = macosx;
				SWIFT_ACTIVE_COMPILATION_CONDITIONS = DEBUG;
				SWIFT_OPTIMIZATION_LEVEL = "-Onone";
			};
			name = Debug;
		};
		04B610B62840FF0D0033030E /* Release */ = {
			isa = XCBuildConfiguration;
			buildSettings = {
				ALWAYS_SEARCH_USER_PATHS = NO;
				CLANG_ANALYZER_NONNULL = YES;
				CLANG_ANALYZER_NUMBER_OBJECT_CONVERSION = YES_AGGRESSIVE;
				CLANG_CXX_LANGUAGE_STANDARD = "gnu++17";
				CLANG_ENABLE_MODULES = YES;
				CLANG_ENABLE_OBJC_ARC = YES;
				CLANG_ENABLE_OBJC_WEAK = YES;
				CLANG_WARN_BLOCK_CAPTURE_AUTORELEASING = YES;
				CLANG_WARN_BOOL_CONVERSION = YES;
				CLANG_WARN_COMMA = YES;
				CLANG_WARN_CONSTANT_CONVERSION = YES;
				CLANG_WARN_DEPRECATED_OBJC_IMPLEMENTATIONS = YES;
				CLANG_WARN_DIRECT_OBJC_ISA_USAGE = YES_ERROR;
				CLANG_WARN_DOCUMENTATION_COMMENTS = YES;
				CLANG_WARN_EMPTY_BODY = YES;
				CLANG_WARN_ENUM_CONVERSION = YES;
				CLANG_WARN_INFINITE_RECURSION = YES;
				CLANG_WARN_INT_CONVERSION = YES;
				CLANG_WARN_NON_LITERAL_NULL_CONVERSION = YES;
				CLANG_WARN_OBJC_IMPLICIT_RETAIN_SELF = YES;
				CLANG_WARN_OBJC_LITERAL_CONVERSION = YES;
				CLANG_WARN_OBJC_ROOT_CLASS = YES_ERROR;
				CLANG_WARN_QUOTED_INCLUDE_IN_FRAMEWORK_HEADER = YES;
				CLANG_WARN_RANGE_LOOP_ANALYSIS = YES;
				CLANG_WARN_STRICT_PROTOTYPES = YES;
				CLANG_WARN_SUSPICIOUS_MOVE = YES;
				CLANG_WARN_UNGUARDED_AVAILABILITY = YES_AGGRESSIVE;
				CLANG_WARN_UNREACHABLE_CODE = YES;
				CLANG_WARN__DUPLICATE_METHOD_MATCH = YES;
				COPY_PHASE_STRIP = NO;
				DEBUG_INFORMATION_FORMAT = "dwarf-with-dsym";
				ENABLE_NS_ASSERTIONS = NO;
				ENABLE_STRICT_OBJC_MSGSEND = YES;
				GCC_C_LANGUAGE_STANDARD = gnu11;
				GCC_NO_COMMON_BLOCKS = YES;
				GCC_WARN_64_TO_32_BIT_CONVERSION = YES;
				GCC_WARN_ABOUT_RETURN_TYPE = YES_ERROR;
				GCC_WARN_UNDECLARED_SELECTOR = YES;
				GCC_WARN_UNINITIALIZED_AUTOS = YES_AGGRESSIVE;
				GCC_WARN_UNUSED_FUNCTION = YES;
				GCC_WARN_UNUSED_VARIABLE = YES;
				MACOSX_DEPLOYMENT_TARGET = 12.1;
				MTL_ENABLE_DEBUG_INFO = NO;
				MTL_FAST_MATH = YES;
				SDKROOT = macosx;
				SWIFT_COMPILATION_MODE = wholemodule;
				SWIFT_OPTIMIZATION_LEVEL = "-O";
			};
			name = Release;
		};
		04B610B82840FF0D0033030E /* Debug */ = {
			isa = XCBuildConfiguration;
			buildSettings = {
				CODE_SIGN_STYLE = Automatic;
				DEVELOPMENT_TEAM = GLLK6ZL2B5;
				ENABLE_HARDENED_RUNTIME = YES;
				MACOSX_DEPLOYMENT_TARGET = 12.2;
				PRODUCT_NAME = "$(TARGET_NAME)";
				SWIFT_VERSION = 5.0;
			};
			name = Debug;
		};
		04B610B92840FF0D0033030E /* Release */ = {
			isa = XCBuildConfiguration;
			buildSettings = {
				CODE_SIGN_STYLE = Automatic;
				DEVELOPMENT_TEAM = GLLK6ZL2B5;
				ENABLE_HARDENED_RUNTIME = YES;
				MACOSX_DEPLOYMENT_TARGET = 12.2;
				PRODUCT_NAME = "$(TARGET_NAME)";
				SWIFT_VERSION = 5.0;
			};
			name = Release;
		};
		D7FF6A922847B0E900056076 /* Debug */ = {
			isa = XCBuildConfiguration;
			buildSettings = {
				ASSETCATALOG_COMPILER_APPICON_NAME = AppIcon;
				ASSETCATALOG_COMPILER_GLOBAL_ACCENT_COLOR_NAME = AccentColor;
				CLANG_CXX_LIBRARY = "libc++";
				CODE_SIGN_STYLE = Automatic;
				CURRENT_PROJECT_VERSION = 1;
				DEVELOPMENT_ASSET_PATHS = "\"iOS/Preview Content\"";
				DEVELOPMENT_TEAM = GLLK6ZL2B5;
				ENABLE_PREVIEWS = YES;
				GENERATE_INFOPLIST_FILE = YES;
				INFOPLIST_KEY_UIApplicationSceneManifest_Generation = YES;
				INFOPLIST_KEY_UIApplicationSupportsIndirectInputEvents = YES;
				INFOPLIST_KEY_UILaunchScreen_Generation = YES;
				INFOPLIST_KEY_UISupportedInterfaceOrientations_iPad = "UIInterfaceOrientationPortrait UIInterfaceOrientationPortraitUpsideDown UIInterfaceOrientationLandscapeLeft UIInterfaceOrientationLandscapeRight";
				INFOPLIST_KEY_UISupportedInterfaceOrientations_iPhone = "UIInterfaceOrientationPortrait UIInterfaceOrientationLandscapeLeft UIInterfaceOrientationLandscapeRight";
				IPHONEOS_DEPLOYMENT_TARGET = 15.2;
				LD_RUNPATH_SEARCH_PATHS = (
					"$(inherited)",
					"@executable_path/Frameworks",
				);
				MARKETING_VERSION = 1.0;
				PRODUCT_BUNDLE_IDENTIFIER = ca.benjaminfreeman.iOS;
				PRODUCT_NAME = "$(TARGET_NAME)";
				SDKROOT = iphoneos;
				SWIFT_EMIT_LOC_STRINGS = YES;
				SWIFT_VERSION = 5.0;
				TARGETED_DEVICE_FAMILY = "1,2";
			};
			name = Debug;
		};
		D7FF6A932847B0E900056076 /* Release */ = {
			isa = XCBuildConfiguration;
			buildSettings = {
				ASSETCATALOG_COMPILER_APPICON_NAME = AppIcon;
				ASSETCATALOG_COMPILER_GLOBAL_ACCENT_COLOR_NAME = AccentColor;
				CLANG_CXX_LIBRARY = "libc++";
				CODE_SIGN_STYLE = Automatic;
				CURRENT_PROJECT_VERSION = 1;
				DEVELOPMENT_ASSET_PATHS = "\"iOS/Preview Content\"";
				DEVELOPMENT_TEAM = GLLK6ZL2B5;
				ENABLE_PREVIEWS = YES;
				GENERATE_INFOPLIST_FILE = YES;
				INFOPLIST_KEY_UIApplicationSceneManifest_Generation = YES;
				INFOPLIST_KEY_UIApplicationSupportsIndirectInputEvents = YES;
				INFOPLIST_KEY_UILaunchScreen_Generation = YES;
				INFOPLIST_KEY_UISupportedInterfaceOrientations_iPad = "UIInterfaceOrientationPortrait UIInterfaceOrientationPortraitUpsideDown UIInterfaceOrientationLandscapeLeft UIInterfaceOrientationLandscapeRight";
				INFOPLIST_KEY_UISupportedInterfaceOrientations_iPhone = "UIInterfaceOrientationPortrait UIInterfaceOrientationLandscapeLeft UIInterfaceOrientationLandscapeRight";
				IPHONEOS_DEPLOYMENT_TARGET = 15.2;
				LD_RUNPATH_SEARCH_PATHS = (
					"$(inherited)",
					"@executable_path/Frameworks",
				);
				MARKETING_VERSION = 1.0;
				PRODUCT_BUNDLE_IDENTIFIER = ca.benjaminfreeman.iOS;
				PRODUCT_NAME = "$(TARGET_NAME)";
				SDKROOT = iphoneos;
				SWIFT_EMIT_LOC_STRINGS = YES;
				SWIFT_VERSION = 5.0;
				TARGETED_DEVICE_FAMILY = "1,2";
				VALIDATE_PRODUCT = YES;
			};
			name = Release;
		};
/* End XCBuildConfiguration section */

/* Begin XCConfigurationList section */
		04B610AB2840FF0D0033030E /* Build configuration list for PBXProject "ICS4U-Culminating" */ = {
			isa = XCConfigurationList;
			buildConfigurations = (
				04B610B52840FF0D0033030E /* Debug */,
				04B610B62840FF0D0033030E /* Release */,
			);
			defaultConfigurationIsVisible = 0;
			defaultConfigurationName = Release;
		};
		04B610B72840FF0D0033030E /* Build configuration list for PBXNativeTarget "ICS4U-Culminating" */ = {
			isa = XCConfigurationList;
			buildConfigurations = (
				04B610B82840FF0D0033030E /* Debug */,
				04B610B92840FF0D0033030E /* Release */,
			);
			defaultConfigurationIsVisible = 0;
			defaultConfigurationName = Release;
		};
		D7FF6A912847B0E900056076 /* Build configuration list for PBXNativeTarget "iOS" */ = {
			isa = XCConfigurationList;
			buildConfigurations = (
				D7FF6A922847B0E900056076 /* Debug */,
				D7FF6A932847B0E900056076 /* Release */,
			);
			defaultConfigurationIsVisible = 0;
			defaultConfigurationName = Release;
		};
/* End XCConfigurationList section */
	};
	rootObject = 04B610A82840FF0D0033030E /* Project object */;
}
